
Microsoft Visual Studio Solution File, Format Version 12.00
# Visual Studio Version 16
VisualStudioVersion = 16.0.29006.145
MinimumVisualStudioVersion = 10.0.40219.1
Project("{9A19103F-16F7-4668-BE54-9A1E7A4F7556}") = "SOLID.Database", "SOLID.Database\SOLID.Database.csproj", "{16B01788-6BF8-466D-B138-1DC5F1105890}"
EndProject
Project("{9A19103F-16F7-4668-BE54-9A1E7A4F7556}") = "SOLID.Presentation", "SOLID.Presentation\SOLID.Presentation.csproj", "{7A492D1B-6C7B-46CF-B356-59E87CE9701D}"
EndProject
Project("{FAE04EC0-301F-11D3-BF4B-00C04F79EFBC}") = "SOLID.Repository", "SOLID.Repository\SOLID.Repository\SOLID.Repository.csproj", "{D60E57D6-E37C-41EE-A0B3-54A70C6713FB}"
EndProject
Global
	GlobalSection(SolutionConfigurationPlatforms) = preSolution
		Debug|Any CPU = Debug|Any CPU
		Release|Any CPU = Release|Any CPU
	EndGlobalSection
	GlobalSection(ProjectConfigurationPlatforms) = postSolution
		{16B01788-6BF8-466D-B138-1DC5F1105890}.Debug|Any CPU.ActiveCfg = Debug|Any CPU
		{16B01788-6BF8-466D-B138-1DC5F1105890}.Debug|Any CPU.Build.0 = Debug|Any CPU
		{16B01788-6BF8-466D-B138-1DC5F1105890}.Release|Any CPU.ActiveCfg = Release|Any CPU
		{16B01788-6BF8-466D-B138-1DC5F1105890}.Release|Any CPU.Build.0 = Release|Any CPU
		{7A492D1B-6C7B-46CF-B356-59E87CE9701D}.Debug|Any CPU.ActiveCfg = Debug|Any CPU
		{7A492D1B-6C7B-46CF-B356-59E87CE9701D}.Debug|Any CPU.Build.0 = Debug|Any CPU
		{7A492D1B-6C7B-46CF-B356-59E87CE9701D}.Release|Any CPU.ActiveCfg = Release|Any CPU
		{7A492D1B-6C7B-46CF-B356-59E87CE9701D}.Release|Any CPU.Build.0 = Release|Any CPU
		{D60E57D6-E37C-41EE-A0B3-54A70C6713FB}.Debug|Any CPU.ActiveCfg = Debug|Any CPU
		{D60E57D6-E37C-41EE-A0B3-54A70C6713FB}.Debug|Any CPU.Build.0 = Debug|Any CPU
		{D60E57D6-E37C-41EE-A0B3-54A70C6713FB}.Release|Any CPU.ActiveCfg = Release|Any CPU
		{D60E57D6-E37C-41EE-A0B3-54A70C6713FB}.Release|Any CPU.Build.0 = Release|Any CPU
	EndGlobalSection
	GlobalSection(SolutionProperties) = preSolution
		HideSolutionNode = FALSE
	EndGlobalSection
	GlobalSection(ExtensibilityGlobals) = postSolution
		SolutionGuid = {C2E70038-CEE3-4CB7-8ED5-198CE01B4476}
	EndGlobalSection
EndGlobal
